// !$*UTF8*$!
{
	archiveVersion = 1;
	classes = {
	};
	objectVersion = 46;
	objects = {

/* Begin PBXBuildFile section */
		3235637B1D3FD0F400F031FC /* Metal.framework in Frameworks */ = {isa = PBXBuildFile; fileRef = 3235637A1D3FD0F400F031FC /* Metal.framework */; };
		325564AE1D3FA7C4008EC927 /* AppDelegate.swift in Sources */ = {isa = PBXBuildFile; fileRef = 325564AD1D3FA7C4008EC927 /* AppDelegate.swift */; };
		325564B01D3FA7C4008EC927 /* ViewController.swift in Sources */ = {isa = PBXBuildFile; fileRef = 325564AF1D3FA7C4008EC927 /* ViewController.swift */; };
		325564B31D3FA7C4008EC927 /* Main.storyboard in Resources */ = {isa = PBXBuildFile; fileRef = 325564B11D3FA7C4008EC927 /* Main.storyboard */; };
		325564B51D3FA7C4008EC927 /* Assets.xcassets in Resources */ = {isa = PBXBuildFile; fileRef = 325564B41D3FA7C4008EC927 /* Assets.xcassets */; };
		325564B81D3FA7C4008EC927 /* LaunchScreen.storyboard in Resources */ = {isa = PBXBuildFile; fileRef = 325564B61D3FA7C4008EC927 /* LaunchScreen.storyboard */; };
		325564C31D3FA7C4008EC927 /* TestGraphicsTests.swift in Sources */ = {isa = PBXBuildFile; fileRef = 325564C21D3FA7C4008EC927 /* TestGraphicsTests.swift */; };
		325564CE1D3FA7C4008EC927 /* TestGraphicsUITests.swift in Sources */ = {isa = PBXBuildFile; fileRef = 325564CD1D3FA7C4008EC927 /* TestGraphicsUITests.swift */; };
		325564DC1D3FA82D008EC927 /* MyView.swift in Sources */ = {isa = PBXBuildFile; fileRef = 325564DB1D3FA82D008EC927 /* MyView.swift */; };
		3255659C1D3FC27B008EC927 /* Shader.metal in Sources */ = {isa = PBXBuildFile; fileRef = 3255659B1D3FC27B008EC927 /* Shader.metal */; };
/* End PBXBuildFile section */

/* Begin PBXContainerItemProxy section */
		325564BF1D3FA7C4008EC927 /* PBXContainerItemProxy */ = {
			isa = PBXContainerItemProxy;
			containerPortal = 325564A21D3FA7C4008EC927 /* Project object */;
			proxyType = 1;
			remoteGlobalIDString = 325564A91D3FA7C4008EC927;
			remoteInfo = TestGraphics;
		};
		325564CA1D3FA7C4008EC927 /* PBXContainerItemProxy */ = {
			isa = PBXContainerItemProxy;
			containerPortal = 325564A21D3FA7C4008EC927 /* Project object */;
			proxyType = 1;
			remoteGlobalIDString = 325564A91D3FA7C4008EC927;
			remoteInfo = TestGraphics;
		};
/* End PBXContainerItemProxy section */

/* Begin PBXFileReference section */
		3235637A1D3FD0F400F031FC /* Metal.framework */ = {isa = PBXFileReference; lastKnownFileType = wrapper.framework; name = Metal.framework; path = System/Library/Frameworks/Metal.framework; sourceTree = SDKROOT; };
		325564AA1D3FA7C4008EC927 /* Metal.app */ = {isa = PBXFileReference; explicitFileType = wrapper.application; includeInIndex = 0; path = Metal.app; sourceTree = BUILT_PRODUCTS_DIR; };
		325564AD1D3FA7C4008EC927 /* AppDelegate.swift */ = {isa = PBXFileReference; lastKnownFileType = sourcecode.swift; path = AppDelegate.swift; sourceTree = "<group>"; };
		325564AF1D3FA7C4008EC927 /* ViewController.swift */ = {isa = PBXFileReference; lastKnownFileType = sourcecode.swift; path = ViewController.swift; sourceTree = "<group>"; };
		325564B21D3FA7C4008EC927 /* Base */ = {isa = PBXFileReference; lastKnownFileType = file.storyboard; name = Base; path = Base.lproj/Main.storyboard; sourceTree = "<group>"; };
		325564B41D3FA7C4008EC927 /* Assets.xcassets */ = {isa = PBXFileReference; lastKnownFileType = folder.assetcatalog; path = Assets.xcassets; sourceTree = "<group>"; };
		325564B71D3FA7C4008EC927 /* Base */ = {isa = PBXFileReference; lastKnownFileType = file.storyboard; name = Base; path = Base.lproj/LaunchScreen.storyboard; sourceTree = "<group>"; };
		325564B91D3FA7C4008EC927 /* Info.plist */ = {isa = PBXFileReference; lastKnownFileType = text.plist.xml; path = Info.plist; sourceTree = "<group>"; };
		325564BE1D3FA7C4008EC927 /* Metal.xctest */ = {isa = PBXFileReference; explicitFileType = wrapper.cfbundle; includeInIndex = 0; path = Metal.xctest; sourceTree = BUILT_PRODUCTS_DIR; };
		325564C21D3FA7C4008EC927 /* TestGraphicsTests.swift */ = {isa = PBXFileReference; lastKnownFileType = sourcecode.swift; path = TestGraphicsTests.swift; sourceTree = "<group>"; };
		325564C41D3FA7C4008EC927 /* Info.plist */ = {isa = PBXFileReference; lastKnownFileType = text.plist.xml; path = Info.plist; sourceTree = "<group>"; };
		325564C91D3FA7C4008EC927 /* Metal.xctest */ = {isa = PBXFileReference; explicitFileType = wrapper.cfbundle; includeInIndex = 0; path = Metal.xctest; sourceTree = BUILT_PRODUCTS_DIR; };
		325564CD1D3FA7C4008EC927 /* TestGraphicsUITests.swift */ = {isa = PBXFileReference; lastKnownFileType = sourcecode.swift; path = TestGraphicsUITests.swift; sourceTree = "<group>"; };
		325564CF1D3FA7C4008EC927 /* Info.plist */ = {isa = PBXFileReference; lastKnownFileType = text.plist.xml; path = Info.plist; sourceTree = "<group>"; };
		325564DB1D3FA82D008EC927 /* MyView.swift */ = {isa = PBXFileReference; fileEncoding = 4; lastKnownFileType = sourcecode.swift; path = MyView.swift; sourceTree = "<group>"; };
		3255659B1D3FC27B008EC927 /* Shader.metal */ = {isa = PBXFileReference; fileEncoding = 4; lastKnownFileType = sourcecode.metal; path = Shader.metal; sourceTree = "<group>"; };
/* End PBXFileReference section */

/* Begin PBXFrameworksBuildPhase section */
		325564A71D3FA7C4008EC927 /* Frameworks */ = {
			isa = PBXFrameworksBuildPhase;
			buildActionMask = 2147483647;
			files = (
				3235637B1D3FD0F400F031FC /* Metal.framework in Frameworks */,
			);
			runOnlyForDeploymentPostprocessing = 0;
		};
		325564BB1D3FA7C4008EC927 /* Frameworks */ = {
			isa = PBXFrameworksBuildPhase;
			buildActionMask = 2147483647;
			files = (
			);
			runOnlyForDeploymentPostprocessing = 0;
		};
		325564C61D3FA7C4008EC927 /* Frameworks */ = {
			isa = PBXFrameworksBuildPhase;
			buildActionMask = 2147483647;
			files = (
			);
			runOnlyForDeploymentPostprocessing = 0;
		};
/* End PBXFrameworksBuildPhase section */

/* Begin PBXGroup section */
		325564A11D3FA7C4008EC927 = {
			isa = PBXGroup;
			children = (
				3235637A1D3FD0F400F031FC /* Metal.framework */,
				325564AC1D3FA7C4008EC927 /* TestGraphics */,
				325564C11D3FA7C4008EC927 /* TestGraphicsTests */,
				325564CC1D3FA7C4008EC927 /* TestGraphicsUITests */,
				325564AB1D3FA7C4008EC927 /* Products */,
			);
			sourceTree = "<group>";
		};
		325564AB1D3FA7C4008EC927 /* Products */ = {
			isa = PBXGroup;
			children = (
				325564AA1D3FA7C4008EC927 /* Metal.app */,
				325564BE1D3FA7C4008EC927 /* Metal.xctest */,
				325564C91D3FA7C4008EC927 /* Metal.xctest */,
			);
			name = Products;
			sourceTree = "<group>";
		};
		325564AC1D3FA7C4008EC927 /* TestGraphics */ = {
			isa = PBXGroup;
			children = (
				325564AD1D3FA7C4008EC927 /* AppDelegate.swift */,
				325564AF1D3FA7C4008EC927 /* ViewController.swift */,
				325564DB1D3FA82D008EC927 /* MyView.swift */,
				3255659B1D3FC27B008EC927 /* Shader.metal */,
				325564B11D3FA7C4008EC927 /* Main.storyboard */,
				325564B41D3FA7C4008EC927 /* Assets.xcassets */,
				325564B61D3FA7C4008EC927 /* LaunchScreen.storyboard */,
				325564B91D3FA7C4008EC927 /* Info.plist */,
			);
			path = TestGraphics;
			sourceTree = "<group>";
		};
		325564C11D3FA7C4008EC927 /* TestGraphicsTests */ = {
			isa = PBXGroup;
			children = (
				325564C21D3FA7C4008EC927 /* TestGraphicsTests.swift */,
				325564C41D3FA7C4008EC927 /* Info.plist */,
			);
			path = TestGraphicsTests;
			sourceTree = "<group>";
		};
		325564CC1D3FA7C4008EC927 /* TestGraphicsUITests */ = {
			isa = PBXGroup;
			children = (
				325564CD1D3FA7C4008EC927 /* TestGraphicsUITests.swift */,
				325564CF1D3FA7C4008EC927 /* Info.plist */,
			);
			path = TestGraphicsUITests;
			sourceTree = "<group>";
		};
/* End PBXGroup section */

/* Begin PBXNativeTarget section */
		325564A91D3FA7C4008EC927 /* Metal */ = {
			isa = PBXNativeTarget;
			buildConfigurationList = 325564D21D3FA7C4008EC927 /* Build configuration list for PBXNativeTarget "Metal" */;
			buildPhases = (
				325564A61D3FA7C4008EC927 /* Sources */,
				325564A71D3FA7C4008EC927 /* Frameworks */,
				325564A81D3FA7C4008EC927 /* Resources */,
			);
			buildRules = (
			);
			dependencies = (
			);
			name = Metal;
			productName = TestGraphics;
			productReference = 325564AA1D3FA7C4008EC927 /* Metal.app */;
			productType = "com.apple.product-type.application";
		};
		325564BD1D3FA7C4008EC927 /* MetalTests */ = {
			isa = PBXNativeTarget;
			buildConfigurationList = 325564D51D3FA7C4008EC927 /* Build configuration list for PBXNativeTarget "MetalTests" */;
			buildPhases = (
				325564BA1D3FA7C4008EC927 /* Sources */,
				325564BB1D3FA7C4008EC927 /* Frameworks */,
				325564BC1D3FA7C4008EC927 /* Resources */,
			);
			buildRules = (
			);
			dependencies = (
				325564C01D3FA7C4008EC927 /* PBXTargetDependency */,
			);
			name = MetalTests;
			productName = TestGraphicsTests;
			productReference = 325564BE1D3FA7C4008EC927 /* Metal.xctest */;
			productType = "com.apple.product-type.bundle.unit-test";
		};
		325564C81D3FA7C4008EC927 /* MetalUITests */ = {
			isa = PBXNativeTarget;
			buildConfigurationList = 325564D81D3FA7C4008EC927 /* Build configuration list for PBXNativeTarget "MetalUITests" */;
			buildPhases = (
				325564C51D3FA7C4008EC927 /* Sources */,
				325564C61D3FA7C4008EC927 /* Frameworks */,
				325564C71D3FA7C4008EC927 /* Resources */,
			);
			buildRules = (
			);
			dependencies = (
				325564CB1D3FA7C4008EC927 /* PBXTargetDependency */,
			);
			name = MetalUITests;
			productName = TestGraphicsUITests;
			productReference = 325564C91D3FA7C4008EC927 /* Metal.xctest */;
			productType = "com.apple.product-type.bundle.ui-testing";
		};
/* End PBXNativeTarget section */

/* Begin PBXProject section */
		325564A21D3FA7C4008EC927 /* Project object */ = {
			isa = PBXProject;
			attributes = {
				LastSwiftUpdateCheck = 0730;
				LastUpgradeCheck = 0730;
				ORGANIZATIONNAME = YiGan;
				TargetAttributes = {
					325564A91D3FA7C4008EC927 = {
						CreatedOnToolsVersion = 7.3.1;
						DevelopmentTeam = NWGF84NL9Q;
					};
					325564BD1D3FA7C4008EC927 = {
						CreatedOnToolsVersion = 7.3.1;
						TestTargetID = 325564A91D3FA7C4008EC927;
					};
					325564C81D3FA7C4008EC927 = {
						CreatedOnToolsVersion = 7.3.1;
						TestTargetID = 325564A91D3FA7C4008EC927;
					};
				};
			};
			buildConfigurationList = 325564A51D3FA7C4008EC927 /* Build configuration list for PBXProject "TestGraphics" */;
			compatibilityVersion = "Xcode 3.2";
			developmentRegion = English;
			hasScannedForEncodings = 0;
			knownRegions = (
				en,
				Base,
			);
			mainGroup = 325564A11D3FA7C4008EC927;
			productRefGroup = 325564AB1D3FA7C4008EC927 /* Products */;
			projectDirPath = "";
			projectRoot = "";
			targets = (
				325564A91D3FA7C4008EC927 /* Metal */,
				325564BD1D3FA7C4008EC927 /* MetalTests */,
				325564C81D3FA7C4008EC927 /* MetalUITests */,
			);
		};
/* End PBXProject section */

/* Begin PBXResourcesBuildPhase section */
		325564A81D3FA7C4008EC927 /* Resources */ = {
			isa = PBXResourcesBuildPhase;
			buildActionMask = 2147483647;
			files = (
				325564B81D3FA7C4008EC927 /* LaunchScreen.storyboard in Resources */,
				325564B51D3FA7C4008EC927 /* Assets.xcassets in Resources */,
				325564B31D3FA7C4008EC927 /* Main.storyboard in Resources */,
			);
			runOnlyForDeploymentPostprocessing = 0;
		};
		325564BC1D3FA7C4008EC927 /* Resources */ = {
			isa = PBXResourcesBuildPhase;
			buildActionMask = 2147483647;
			files = (
			);
			runOnlyForDeploymentPostprocessing = 0;
		};
		325564C71D3FA7C4008EC927 /* Resources */ = {
			isa = PBXResourcesBuildPhase;
			buildActionMask = 2147483647;
			files = (
			);
			runOnlyForDeploymentPostprocessing = 0;
		};
/* End PBXResourcesBuildPhase section */

/* Begin PBXSourcesBuildPhase section */
		325564A61D3FA7C4008EC927 /* Sources */ = {
			isa = PBXSourcesBuildPhase;
			buildActionMask = 2147483647;
			files = (
				3255659C1D3FC27B008EC927 /* Shader.metal in Sources */,
				325564DC1D3FA82D008EC927 /* MyView.swift in Sources */,
				325564B01D3FA7C4008EC927 /* ViewController.swift in Sources */,
				325564AE1D3FA7C4008EC927 /* AppDelegate.swift in Sources */,
			);
			runOnlyForDeploymentPostprocessing = 0;
		};
		325564BA1D3FA7C4008EC927 /* Sources */ = {
			isa = PBXSourcesBuildPhase;
			buildActionMask = 2147483647;
			files = (
				325564C31D3FA7C4008EC927 /* TestGraphicsTests.swift in Sources */,
			);
			runOnlyForDeploymentPostprocessing = 0;
		};
		325564C51D3FA7C4008EC927 /* Sources */ = {
			isa = PBXSourcesBuildPhase;
			buildActionMask = 2147483647;
			files = (
				325564CE1D3FA7C4008EC927 /* TestGraphicsUITests.swift in Sources */,
			);
			runOnlyForDeploymentPostprocessing = 0;
		};
/* End PBXSourcesBuildPhase section */

/* Begin PBXTargetDependency section */
		325564C01D3FA7C4008EC927 /* PBXTargetDependency */ = {
			isa = PBXTargetDependency;
			target = 325564A91D3FA7C4008EC927 /* Metal */;
			targetProxy = 325564BF1D3FA7C4008EC927 /* PBXContainerItemProxy */;
		};
		325564CB1D3FA7C4008EC927 /* PBXTargetDependency */ = {
			isa = PBXTargetDependency;
			target = 325564A91D3FA7C4008EC927 /* Metal */;
			targetProxy = 325564CA1D3FA7C4008EC927 /* PBXContainerItemProxy */;
		};
/* End PBXTargetDependency section */

/* Begin PBXVariantGroup section */
		325564B11D3FA7C4008EC927 /* Main.storyboard */ = {
			isa = PBXVariantGroup;
			children = (
				325564B21D3FA7C4008EC927 /* Base */,
			);
			name = Main.storyboard;
			sourceTree = "<group>";
		};
		325564B61D3FA7C4008EC927 /* LaunchScreen.storyboard */ = {
			isa = PBXVariantGroup;
			children = (
				325564B71D3FA7C4008EC927 /* Base */,
			);
			name = LaunchScreen.storyboard;
			sourceTree = "<group>";
		};
/* End PBXVariantGroup section */

/* Begin XCBuildConfiguration section */
		325564D01D3FA7C4008EC927 /* Debug */ = {
			isa = XCBuildConfiguration;
			buildSettings = {
				ALWAYS_SEARCH_USER_PATHS = NO;
				CLANG_ANALYZER_NONNULL = YES;
				CLANG_CXX_LANGUAGE_STANDARD = "gnu++0x";
				CLANG_CXX_LIBRARY = "libc++";
				CLANG_ENABLE_MODULES = YES;
				CLANG_ENABLE_OBJC_ARC = YES;
				CLANG_WARN_BOOL_CONVERSION = YES;
				CLANG_WARN_CONSTANT_CONVERSION = YES;
				CLANG_WARN_DIRECT_OBJC_ISA_USAGE = YES_ERROR;
				CLANG_WARN_EMPTY_BODY = YES;
				CLANG_WARN_ENUM_CONVERSION = YES;
				CLANG_WARN_INT_CONVERSION = YES;
				CLANG_WARN_OBJC_ROOT_CLASS = YES_ERROR;
				CLANG_WARN_UNREACHABLE_CODE = YES;
				CLANG_WARN__DUPLICATE_METHOD_MATCH = YES;
				"CODE_SIGN_IDENTITY[sdk=iphoneos*]" = "iPhone Developer";
				COPY_PHASE_STRIP = NO;
				DEBUG_INFORMATION_FORMAT = dwarf;
				ENABLE_STRICT_OBJC_MSGSEND = YES;
				ENABLE_TESTABILITY = YES;
				GCC_C_LANGUAGE_STANDARD = gnu99;
				GCC_DYNAMIC_NO_PIC = NO;
				GCC_NO_COMMON_BLOCKS = YES;
				GCC_OPTIMIZATION_LEVEL = 0;
				GCC_PREPROCESSOR_DEFINITIONS = (
					"DEBUG=1",
					"$(inherited)",
				);
				GCC_WARN_64_TO_32_BIT_CONVERSION = YES;
				GCC_WARN_ABOUT_RETURN_TYPE = YES_ERROR;
				GCC_WARN_UNDECLARED_SELECTOR = YES;
				GCC_WARN_UNINITIALIZED_AUTOS = YES_AGGRESSIVE;
				GCC_WARN_UNUSED_FUNCTION = YES;
				GCC_WARN_UNUSED_VARIABLE = YES;
				IPHONEOS_DEPLOYMENT_TARGET = 9.3;
				MTL_ENABLE_DEBUG_INFO = YES;
				ONLY_ACTIVE_ARCH = YES;
				SDKROOT = iphoneos;
				SWIFT_OPTIMIZATION_LEVEL = "-Onone";
				TARGETED_DEVICE_FAMILY = "1,2";
			};
			name = Debug;
		};
		325564D11D3FA7C4008EC927 /* Release */ = {
			isa = XCBuildConfiguration;
			buildSettings = {
				ALWAYS_SEARCH_USER_PATHS = NO;
				CLANG_ANALYZER_NONNULL = YES;
				CLANG_CXX_LANGUAGE_STANDARD = "gnu++0x";
				CLANG_CXX_LIBRARY = "libc++";
				CLANG_ENABLE_MODULES = YES;
				CLANG_ENABLE_OBJC_ARC = YES;
				CLANG_WARN_BOOL_CONVERSION = YES;
				CLANG_WARN_CONSTANT_CONVERSION = YES;
				CLANG_WARN_DIRECT_OBJC_ISA_USAGE = YES_ERROR;
				CLANG_WARN_EMPTY_BODY = YES;
				CLANG_WARN_ENUM_CONVERSION = YES;
				CLANG_WARN_INT_CONVERSION = YES;
				CLANG_WARN_OBJC_ROOT_CLASS = YES_ERROR;
				CLANG_WARN_UNREACHABLE_CODE = YES;
				CLANG_WARN__DUPLICATE_METHOD_MATCH = YES;
				"CODE_SIGN_IDENTITY[sdk=iphoneos*]" = "iPhone Developer";
				COPY_PHASE_STRIP = NO;
				DEBUG_INFORMATION_FORMAT = "dwarf-with-dsym";
				ENABLE_NS_ASSERTIONS = NO;
				ENABLE_STRICT_OBJC_MSGSEND = YES;
				GCC_C_LANGUAGE_STANDARD = gnu99;
				GCC_NO_COMMON_BLOCKS = YES;
				GCC_WARN_64_TO_32_BIT_CONVERSION = YES;
				GCC_WARN_ABOUT_RETURN_TYPE = YES_ERROR;
				GCC_WARN_UNDECLARED_SELECTOR = YES;
				GCC_WARN_UNINITIALIZED_AUTOS = YES_AGGRESSIVE;
				GCC_WARN_UNUSED_FUNCTION = YES;
				GCC_WARN_UNUSED_VARIABLE = YES;
				IPHONEOS_DEPLOYMENT_TARGET = 9.3;
				MTL_ENABLE_DEBUG_INFO = NO;
				SDKROOT = iphoneos;
				TARGETED_DEVICE_FAMILY = "1,2";
				VALIDATE_PRODUCT = YES;
			};
			name = Release;
		};
		325564D31D3FA7C4008EC927 /* Debug */ = {
			isa = XCBuildConfiguration;
			buildSettings = {
				ASSETCATALOG_COMPILER_APPICON_NAME = AppIcon;
				CODE_SIGN_IDENTITY = "iPhone Developer";
				INFOPLIST_FILE = TestGraphics/Info.plist;
				LD_RUNPATH_SEARCH_PATHS = "$(inherited) @executable_path/Frameworks";
				PRODUCT_BUNDLE_IDENTIFIER = com.orangebrush.TestGraphics;
				PRODUCT_NAME = Metal;
			};
			name = Debug;
		};
		325564D41D3FA7C4008EC927 /* Release */ = {
			isa = XCBuildConfiguration;
			buildSettings = {
				ASSETCATALOG_COMPILER_APPICON_NAME = AppIcon;
				CODE_SIGN_IDENTITY = "iPhone Developer";
				INFOPLIST_FILE = TestGraphics/Info.plist;
				LD_RUNPATH_SEARCH_PATHS = "$(inherited) @executable_path/Frameworks";
				PRODUCT_BUNDLE_IDENTIFIER = com.orangebrush.TestGraphics;
				PRODUCT_NAME = Metal;
			};
			name = Release;
		};
		325564D61D3FA7C4008EC927 /* Debug */ = {
			isa = XCBuildConfiguration;
			buildSettings = {
				BUNDLE_LOADER = "$(TEST_HOST)";
				INFOPLIST_FILE = TestGraphicsTests/Info.plist;
				LD_RUNPATH_SEARCH_PATHS = "$(inherited) @executable_path/Frameworks @loader_path/Frameworks";
				PRODUCT_BUNDLE_IDENTIFIER = com.orangebrush.TestGraphicsTests;
				PRODUCT_NAME = Metal;
				TEST_HOST = "$(BUILT_PRODUCTS_DIR)/Metal.app/Metal";
			};
			name = Debug;
		};
		325564D71D3FA7C4008EC927 /* Release */ = {
			isa = XCBuildConfiguration;
			buildSettings = {
				BUNDLE_LOADER = "$(TEST_HOST)";
				INFOPLIST_FILE = TestGraphicsTests/Info.plist;
				LD_RUNPATH_SEARCH_PATHS = "$(inherited) @executable_path/Frameworks @loader_path/Frameworks";
				PRODUCT_BUNDLE_IDENTIFIER = com.orangebrush.TestGraphicsTests;
				PRODUCT_NAME = Metal;
				TEST_HOST = "$(BUILT_PRODUCTS_DIR)/Metal.app/Metal";
			};
			name = Release;
		};
		325564D91D3FA7C4008EC927 /* Debug */ = {
			isa = XCBuildConfiguration;
			buildSettings = {
				INFOPLIST_FILE = TestGraphicsUITests/Info.plist;
				LD_RUNPATH_SEARCH_PATHS = "$(inherited) @executable_path/Frameworks @loader_path/Frameworks";
				PRODUCT_BUNDLE_IDENTIFIER = com.orangebrush.TestGraphicsUITests;
				PRODUCT_NAME = Metal;
				TEST_TARGET_NAME = TestGraphics;
			};
			name = Debug;
		};
		325564DA1D3FA7C4008EC927 /* Release */ = {
			isa = XCBuildConfiguration;
			buildSettings = {
				INFOPLIST_FILE = TestGraphicsUITests/Info.plist;
				LD_RUNPATH_SEARCH_PATHS = "$(inherited) @executable_path/Frameworks @loader_path/Frameworks";
				PRODUCT_BUNDLE_IDENTIFIER = com.orangebrush.TestGraphicsUITests;
				PRODUCT_NAME = Metal;
				TEST_TARGET_NAME = TestGraphics;
			};
			name = Release;
		};
/* End XCBuildConfiguration section */

/* Begin XCConfigurationList section */
		325564A51D3FA7C4008EC927 /* Build configuration list for PBXProject "TestGraphics" */ = {
			isa = XCConfigurationList;
			buildConfigurations = (
				325564D01D3FA7C4008EC927 /* Debug */,
				325564D11D3FA7C4008EC927 /* Release */,
			);
			defaultConfigurationIsVisible = 0;
			defaultConfigurationName = Release;
		};
		325564D21D3FA7C4008EC927 /* Build configuration list for PBXNativeTarget "Metal" */ = {
			isa = XCConfigurationList;
			buildConfigurations = (
				325564D31D3FA7C4008EC927 /* Debug */,
				325564D41D3FA7C4008EC927 /* Release */,
			);
			defaultConfigurationIsVisible = 0;
			defaultConfigurationName = Release;
		};
		325564D51D3FA7C4008EC927 /* Build configuration list for PBXNativeTarget "MetalTests" */ = {
			isa = XCConfigurationList;
			buildConfigurations = (
				325564D61D3FA7C4008EC927 /* Debug */,
				325564D71D3FA7C4008EC927 /* Release */,
			);
			defaultConfigurationIsVisible = 0;
			defaultConfigurationName = Release;
		};
		325564D81D3FA7C4008EC927 /* Build configuration list for PBXNativeTarget "MetalUITests" */ = {
			isa = XCConfigurationList;
			buildConfigurations = (
				325564D91D3FA7C4008EC927 /* Debug */,
				325564DA1D3FA7C4008EC927 /* Release */,
			);
			defaultConfigurationIsVisible = 0;
			defaultConfigurationName = Release;
		};
/* End XCConfigurationList section */
	};
	rootObject = 325564A21D3FA7C4008EC927 /* Project object */;
}
